
Microsoft Visual Studio Solution File, Format Version 12.00
# Visual Studio Version 16
VisualStudioVersion = 16.0.30225.117
MinimumVisualStudioVersion = 10.0.40219.1
Project("{9A19103F-16F7-4668-BE54-9A1E7A4F7556}") = "ConsolaPooHerencia", "..\POOHerencia\ConsolaPooHerencia\ConsolaPooHerencia.csproj", "{D6A2C925-3350-4C03-8E1F-E9EB702EE449}"
EndProject
Project("{9A19103F-16F7-4668-BE54-9A1E7A4F7556}") = "SolucionAppLogica", "..\POOHerencia\SolucionAppLogica\SolucionAppLogica.csproj", "{75756B71-6CC9-4041-845E-31CE09FDF416}"
EndProject
Global
	GlobalSection(SolutionConfigurationPlatforms) = preSolution
		Debug|Any CPU = Debug|Any CPU
		Debug|x86 = Debug|x86
		Release|Any CPU = Release|Any CPU
		Release|x86 = Release|x86
	EndGlobalSection
	GlobalSection(ProjectConfigurationPlatforms) = postSolution
		{D6A2C925-3350-4C03-8E1F-E9EB702EE449}.Debug|Any CPU.ActiveCfg = Debug|Any CPU
		{D6A2C925-3350-4C03-8E1F-E9EB702EE449}.Debug|Any CPU.Build.0 = Debug|Any CPU
		{D6A2C925-3350-4C03-8E1F-E9EB702EE449}.Debug|x86.ActiveCfg = Debug|Any CPU
		{D6A2C925-3350-4C03-8E1F-E9EB702EE449}.Debug|x86.Build.0 = Debug|Any CPU
		{D6A2C925-3350-4C03-8E1F-E9EB702EE449}.Release|Any CPU.ActiveCfg = Release|Any CPU
		{D6A2C925-3350-4C03-8E1F-E9EB702EE449}.Release|Any CPU.Build.0 = Release|Any CPU
		{D6A2C925-3350-4C03-8E1F-E9EB702EE449}.Release|x86.ActiveCfg = Release|Any CPU
		{D6A2C925-3350-4C03-8E1F-E9EB702EE449}.Release|x86.Build.0 = Release|Any CPU
		{75756B71-6CC9-4041-845E-31CE09FDF416}.Debug|Any CPU.ActiveCfg = Debug|Any CPU
		{75756B71-6CC9-4041-845E-31CE09FDF416}.Debug|Any CPU.Build.0 = Debug|Any CPU
		{75756B71-6CC9-4041-845E-31CE09FDF416}.Debug|x86.ActiveCfg = Debug|Any CPU
		{75756B71-6CC9-4041-845E-31CE09FDF416}.Debug|x86.Build.0 = Debug|Any CPU
		{75756B71-6CC9-4041-845E-31CE09FDF416}.Release|Any CPU.ActiveCfg = Release|Any CPU
		{75756B71-6CC9-4041-845E-31CE09FDF416}.Release|Any CPU.Build.0 = Release|Any CPU
		{75756B71-6CC9-4041-845E-31CE09FDF416}.Release|x86.ActiveCfg = Release|Any CPU
		{75756B71-6CC9-4041-845E-31CE09FDF416}.Release|x86.Build.0 = Release|Any CPU
	EndGlobalSection
	GlobalSection(SolutionProperties) = preSolution
		HideSolutionNode = FALSE
	EndGlobalSection
	GlobalSection(ExtensibilityGlobals) = postSolution
		SolutionGuid = {739EFF59-A9D3-4298-B09A-C3D7FAE4D8AD}
	EndGlobalSection
EndGlobal
