
Microsoft Visual Studio Solution File, Format Version 12.00
# Visual Studio Version 16
VisualStudioVersion = 16.0.30225.117
MinimumVisualStudioVersion = 10.0.40219.1
Project("{FAE04EC0-301F-11D3-BF4B-00C04F79EFBC}") = "SistemaPOOConsola", "SistemaPOOConsola\SistemaPOOConsola.csproj", "{98B4FDEC-9C7A-4F22-9932-6316BA2DE537}"
EndProject
Project("{FAE04EC0-301F-11D3-BF4B-00C04F79EFBC}") = "LogicaConsola", "LogicaConsola\LogicaConsola.csproj", "{0B94C4C0-3EBC-4DA7-A655-44DD5D8E4380}"
EndProject
Global
	GlobalSection(SolutionConfigurationPlatforms) = preSolution
		Debug|Any CPU = Debug|Any CPU
		Release|Any CPU = Release|Any CPU
	EndGlobalSection
	GlobalSection(ProjectConfigurationPlatforms) = postSolution
		{98B4FDEC-9C7A-4F22-9932-6316BA2DE537}.Debug|Any CPU.ActiveCfg = Debug|Any CPU
		{98B4FDEC-9C7A-4F22-9932-6316BA2DE537}.Debug|Any CPU.Build.0 = Debug|Any CPU
		{98B4FDEC-9C7A-4F22-9932-6316BA2DE537}.Release|Any CPU.ActiveCfg = Release|Any CPU
		{98B4FDEC-9C7A-4F22-9932-6316BA2DE537}.Release|Any CPU.Build.0 = Release|Any CPU
		{0B94C4C0-3EBC-4DA7-A655-44DD5D8E4380}.Debug|Any CPU.ActiveCfg = Debug|Any CPU
		{0B94C4C0-3EBC-4DA7-A655-44DD5D8E4380}.Debug|Any CPU.Build.0 = Debug|Any CPU
		{0B94C4C0-3EBC-4DA7-A655-44DD5D8E4380}.Release|Any CPU.ActiveCfg = Release|Any CPU
		{0B94C4C0-3EBC-4DA7-A655-44DD5D8E4380}.Release|Any CPU.Build.0 = Release|Any CPU
	EndGlobalSection
	GlobalSection(SolutionProperties) = preSolution
		HideSolutionNode = FALSE
	EndGlobalSection
	GlobalSection(ExtensibilityGlobals) = postSolution
		SolutionGuid = {9E3FBA07-EF43-4555-97F0-7CA4B069F5D9}
	EndGlobalSection
EndGlobal
